# THIS IS AN AUTOGENERATED FILE. DO NOT EDIT THIS FILE DIRECTLY.
# yarn lockfile v1


"@types/node@^11.13.4":
  version "11.13.19"
  resolved "https://registry.yarnpkg.com/@types/node/-/node-11.13.19.tgz#c7bd7009aa850464775d8a814e18138d633cd676"
  integrity sha512-tLRDU1hmcWamtgRT2iVRdraAQVGFQGgtcqracSo9XyMN1VeZLSVGb8RJJxVqab7UGbijoUijGPVFMjmqzyZIUw==
